// !$*UTF8*$!
{
	archiveVersion = 1;
	classes = {
	};
	objectVersion = 50;
	objects = {

/* Begin PBXBuildFile section */
		6E22A9372465E17300198753 /* AppDelegate.swift in Sources */ = {isa = PBXBuildFile; fileRef = 6E22A9362465E17300198753 /* AppDelegate.swift */; };
		6E22A9392465E17300198753 /* SceneDelegate.swift in Sources */ = {isa = PBXBuildFile; fileRef = 6E22A9382465E17300198753 /* SceneDelegate.swift */; };
		6E22A93B2465E17300198753 /* PrimeFactorsViewController.swift in Sources */ = {isa = PBXBuildFile; fileRef = 6E22A93A2465E17300198753 /* PrimeFactorsViewController.swift */; };
		6E22A93E2465E17300198753 /* Main.storyboard in Resources */ = {isa = PBXBuildFile; fileRef = 6E22A93C2465E17300198753 /* Main.storyboard */; };
		6E22A9402465E17600198753 /* Assets.xcassets in Resources */ = {isa = PBXBuildFile; fileRef = 6E22A93F2465E17600198753 /* Assets.xcassets */; };
		6E22A9432465E17600198753 /* LaunchScreen.storyboard in Resources */ = {isa = PBXBuildFile; fileRef = 6E22A9412465E17600198753 /* LaunchScreen.storyboard */; };
		6E22A94E2465E17700198753 /* Prime_FactorsTests.swift in Sources */ = {isa = PBXBuildFile; fileRef = 6E22A94D2465E17700198753 /* Prime_FactorsTests.swift */; };
		6E22A9592465E5AD00198753 /* PrimeFactorsViewControllerTests.swift in Sources */ = {isa = PBXBuildFile; fileRef = 6E22A9582465E5AD00198753 /* PrimeFactorsViewControllerTests.swift */; };
/* End PBXBuildFile section */

/* Begin PBXContainerItemProxy section */
		6E22A94A2465E17700198753 /* PBXContainerItemProxy */ = {
			isa = PBXContainerItemProxy;
			containerPortal = 6E22A92B2465E17300198753 /* Project object */;
			proxyType = 1;
			remoteGlobalIDString = 6E22A9322465E17300198753;
			remoteInfo = "Prime Factors";
		};
/* End PBXContainerItemProxy section */

/* Begin PBXFileReference section */
		6E22A9332465E17300198753 /* Prime Factors.app */ = {isa = PBXFileReference; explicitFileType = wrapper.application; includeInIndex = 0; path = "Prime Factors.app"; sourceTree = BUILT_PRODUCTS_DIR; };
		6E22A9362465E17300198753 /* AppDelegate.swift */ = {isa = PBXFileReference; lastKnownFileType = sourcecode.swift; path = AppDelegate.swift; sourceTree = "<group>"; };
		6E22A9382465E17300198753 /* SceneDelegate.swift */ = {isa = PBXFileReference; lastKnownFileType = sourcecode.swift; path = SceneDelegate.swift; sourceTree = "<group>"; };
		6E22A93A2465E17300198753 /* PrimeFactorsViewController.swift */ = {isa = PBXFileReference; lastKnownFileType = sourcecode.swift; path = PrimeFactorsViewController.swift; sourceTree = "<group>"; };
		6E22A93D2465E17300198753 /* Base */ = {isa = PBXFileReference; lastKnownFileType = file.storyboard; name = Base; path = Base.lproj/Main.storyboard; sourceTree = "<group>"; };
		6E22A93F2465E17600198753 /* Assets.xcassets */ = {isa = PBXFileReference; lastKnownFileType = folder.assetcatalog; path = Assets.xcassets; sourceTree = "<group>"; };
		6E22A9422465E17600198753 /* Base */ = {isa = PBXFileReference; lastKnownFileType = file.storyboard; name = Base; path = Base.lproj/LaunchScreen.storyboard; sourceTree = "<group>"; };
		6E22A9442465E17600198753 /* Info.plist */ = {isa = PBXFileReference; lastKnownFileType = text.plist.xml; path = Info.plist; sourceTree = "<group>"; };
		6E22A9492465E17700198753 /* Prime FactorsTests.xctest */ = {isa = PBXFileReference; explicitFileType = wrapper.cfbundle; includeInIndex = 0; path = "Prime FactorsTests.xctest"; sourceTree = BUILT_PRODUCTS_DIR; };
		6E22A94D2465E17700198753 /* Prime_FactorsTests.swift */ = {isa = PBXFileReference; lastKnownFileType = sourcecode.swift; path = Prime_FactorsTests.swift; sourceTree = "<group>"; };
		6E22A94F2465E17700198753 /* Info.plist */ = {isa = PBXFileReference; lastKnownFileType = text.plist.xml; path = Info.plist; sourceTree = "<group>"; };
		6E22A9582465E5AD00198753 /* PrimeFactorsViewControllerTests.swift */ = {isa = PBXFileReference; lastKnownFileType = sourcecode.swift; path = PrimeFactorsViewControllerTests.swift; sourceTree = "<group>"; };
/* End PBXFileReference section */

/* Begin PBXFrameworksBuildPhase section */
		6E22A9302465E17300198753 /* Frameworks */ = {
			isa = PBXFrameworksBuildPhase;
			buildActionMask = 2147483647;
			files = (
			);
			runOnlyForDeploymentPostprocessing = 0;
		};
		6E22A9462465E17700198753 /* Frameworks */ = {
			isa = PBXFrameworksBuildPhase;
			buildActionMask = 2147483647;
			files = (
			);
			runOnlyForDeploymentPostprocessing = 0;
		};
/* End PBXFrameworksBuildPhase section */

/* Begin PBXGroup section */
		6E22A92A2465E17300198753 = {
			isa = PBXGroup;
			children = (
				6E22A9352465E17300198753 /* Prime Factors */,
				6E22A94C2465E17700198753 /* Prime FactorsTests */,
				6E22A9342465E17300198753 /* Products */,
			);
			sourceTree = "<group>";
		};
		6E22A9342465E17300198753 /* Products */ = {
			isa = PBXGroup;
			children = (
				6E22A9332465E17300198753 /* Prime Factors.app */,
				6E22A9492465E17700198753 /* Prime FactorsTests.xctest */,
			);
			name = Products;
			sourceTree = "<group>";
		};
		6E22A9352465E17300198753 /* Prime Factors */ = {
			isa = PBXGroup;
			children = (
				6E22A9362465E17300198753 /* AppDelegate.swift */,
				6E22A9382465E17300198753 /* SceneDelegate.swift */,
				6E22A93A2465E17300198753 /* PrimeFactorsViewController.swift */,
				6E22A93C2465E17300198753 /* Main.storyboard */,
				6E22A93F2465E17600198753 /* Assets.xcassets */,
				6E22A9412465E17600198753 /* LaunchScreen.storyboard */,
				6E22A9442465E17600198753 /* Info.plist */,
			);
			path = "Prime Factors";
			sourceTree = "<group>";
		};
		6E22A94C2465E17700198753 /* Prime FactorsTests */ = {
			isa = PBXGroup;
			children = (
				6E22A94D2465E17700198753 /* Prime_FactorsTests.swift */,
				6E22A94F2465E17700198753 /* Info.plist */,
				6E22A9582465E5AD00198753 /* PrimeFactorsViewControllerTests.swift */,
			);
			path = "Prime FactorsTests";
			sourceTree = "<group>";
		};
/* End PBXGroup section */

/* Begin PBXNativeTarget section */
		6E22A9322465E17300198753 /* Prime Factors */ = {
			isa = PBXNativeTarget;
			buildConfigurationList = 6E22A9522465E17700198753 /* Build configuration list for PBXNativeTarget "Prime Factors" */;
			buildPhases = (
				6E22A92F2465E17300198753 /* Sources */,
				6E22A9302465E17300198753 /* Frameworks */,
				6E22A9312465E17300198753 /* Resources */,
			);
			buildRules = (
			);
			dependencies = (
			);
			name = "Prime Factors";
			productName = "Prime Factors";
			productReference = 6E22A9332465E17300198753 /* Prime Factors.app */;
			productType = "com.apple.product-type.application";
		};
		6E22A9482465E17700198753 /* Prime FactorsTests */ = {
			isa = PBXNativeTarget;
			buildConfigurationList = 6E22A9552465E17700198753 /* Build configuration list for PBXNativeTarget "Prime FactorsTests" */;
			buildPhases = (
				6E22A9452465E17700198753 /* Sources */,
				6E22A9462465E17700198753 /* Frameworks */,
				6E22A9472465E17700198753 /* Resources */,
			);
			buildRules = (
			);
			dependencies = (
				6E22A94B2465E17700198753 /* PBXTargetDependency */,
			);
			name = "Prime FactorsTests";
			productName = "Prime FactorsTests";
			productReference = 6E22A9492465E17700198753 /* Prime FactorsTests.xctest */;
			productType = "com.apple.product-type.bundle.unit-test";
		};
/* End PBXNativeTarget section */

/* Begin PBXProject section */
		6E22A92B2465E17300198753 /* Project object */ = {
			isa = PBXProject;
			attributes = {
				LastSwiftUpdateCheck = 1140;
				LastUpgradeCheck = 1140;
				ORGANIZATIONNAME = "Cyrus Vandrevala";
				TargetAttributes = {
					6E22A9322465E17300198753 = {
						CreatedOnToolsVersion = 11.4.1;
					};
					6E22A9482465E17700198753 = {
						CreatedOnToolsVersion = 11.4.1;
						TestTargetID = 6E22A9322465E17300198753;
					};
				};
			};
			buildConfigurationList = 6E22A92E2465E17300198753 /* Build configuration list for PBXProject "Prime Factors" */;
			compatibilityVersion = "Xcode 9.3";
			developmentRegion = en;
			hasScannedForEncodings = 0;
			knownRegions = (
				en,
				Base,
			);
			mainGroup = 6E22A92A2465E17300198753;
			productRefGroup = 6E22A9342465E17300198753 /* Products */;
			projectDirPath = "";
			projectRoot = "";
			targets = (
				6E22A9322465E17300198753 /* Prime Factors */,
				6E22A9482465E17700198753 /* Prime FactorsTests */,
			);
		};
/* End PBXProject section */

/* Begin PBXResourcesBuildPhase section */
		6E22A9312465E17300198753 /* Resources */ = {
			isa = PBXResourcesBuildPhase;
			buildActionMask = 2147483647;
			files = (
				6E22A9432465E17600198753 /* LaunchScreen.storyboard in Resources */,
				6E22A9402465E17600198753 /* Assets.xcassets in Resources */,
				6E22A93E2465E17300198753 /* Main.storyboard in Resources */,
			);
			runOnlyForDeploymentPostprocessing = 0;
		};
		6E22A9472465E17700198753 /* Resources */ = {
			isa = PBXResourcesBuildPhase;
			buildActionMask = 2147483647;
			files = (
			);
			runOnlyForDeploymentPostprocessing = 0;
		};
/* End PBXResourcesBuildPhase section */

/* Begin PBXSourcesBuildPhase section */
		6E22A92F2465E17300198753 /* Sources */ = {
			isa = PBXSourcesBuildPhase;
			buildActionMask = 2147483647;
			files = (
				6E22A93B2465E17300198753 /* PrimeFactorsViewController.swift in Sources */,
				6E22A9372465E17300198753 /* AppDelegate.swift in Sources */,
				6E22A9392465E17300198753 /* SceneDelegate.swift in Sources */,
			);
			runOnlyForDeploymentPostprocessing = 0;
		};
		6E22A9452465E17700198753 /* Sources */ = {
			isa = PBXSourcesBuildPhase;
			buildActionMask = 2147483647;
			files = (
				6E22A94E2465E17700198753 /* Prime_FactorsTests.swift in Sources */,
				6E22A9592465E5AD00198753 /* PrimeFactorsViewControllerTests.swift in Sources */,
			);
			runOnlyForDeploymentPostprocessing = 0;
		};
/* End PBXSourcesBuildPhase section */

/* Begin PBXTargetDependency section */
		6E22A94B2465E17700198753 /* PBXTargetDependency */ = {
			isa = PBXTargetDependency;
			target = 6E22A9322465E17300198753 /* Prime Factors */;
			targetProxy = 6E22A94A2465E17700198753 /* PBXContainerItemProxy */;
		};
/* End PBXTargetDependency section */

/* Begin PBXVariantGroup section */
		6E22A93C2465E17300198753 /* Main.storyboard */ = {
			isa = PBXVariantGroup;
			children = (
				6E22A93D2465E17300198753 /* Base */,
			);
			name = Main.storyboard;
			sourceTree = "<group>";
		};
		6E22A9412465E17600198753 /* LaunchScreen.storyboard */ = {
			isa = PBXVariantGroup;
			children = (
				6E22A9422465E17600198753 /* Base */,
			);
			name = LaunchScreen.storyboard;
			sourceTree = "<group>";
		};
/* End PBXVariantGroup section */

/* Begin XCBuildConfiguration section */
		6E22A9502465E17700198753 /* Debug */ = {
			isa = XCBuildConfiguration;
			buildSettings = {
				ALWAYS_SEARCH_USER_PATHS = NO;
				CLANG_ANALYZER_NONNULL = YES;
				CLANG_ANALYZER_NUMBER_OBJECT_CONVERSION = YES_AGGRESSIVE;
				CLANG_CXX_LANGUAGE_STANDARD = "gnu++14";
				CLANG_CXX_LIBRARY = "libc++";
				CLANG_ENABLE_MODULES = YES;
				CLANG_ENABLE_OBJC_ARC = YES;
				CLANG_ENABLE_OBJC_WEAK = YES;
				CLANG_WARN_BLOCK_CAPTURE_AUTORELEASING = YES;
				CLANG_WARN_BOOL_CONVERSION = YES;
				CLANG_WARN_COMMA = YES;
				CLANG_WARN_CONSTANT_CONVERSION = YES;
				CLANG_WARN_DEPRECATED_OBJC_IMPLEMENTATIONS = YES;
				CLANG_WARN_DIRECT_OBJC_ISA_USAGE = YES_ERROR;
				CLANG_WARN_DOCUMENTATION_COMMENTS = YES;
				CLANG_WARN_EMPTY_BODY = YES;
				CLANG_WARN_ENUM_CONVERSION = YES;
				CLANG_WARN_INFINITE_RECURSION = YES;
				CLANG_WARN_INT_CONVERSION = YES;
				CLANG_WARN_NON_LITERAL_NULL_CONVERSION = YES;
				CLANG_WARN_OBJC_IMPLICIT_RETAIN_SELF = YES;
				CLANG_WARN_OBJC_LITERAL_CONVERSION = YES;
				CLANG_WARN_OBJC_ROOT_CLASS = YES_ERROR;
				CLANG_WARN_RANGE_LOOP_ANALYSIS = YES;
				CLANG_WARN_STRICT_PROTOTYPES = YES;
				CLANG_WARN_SUSPICIOUS_MOVE = YES;
				CLANG_WARN_UNGUARDED_AVAILABILITY = YES_AGGRESSIVE;
				CLANG_WARN_UNREACHABLE_CODE = YES;
				CLANG_WARN__DUPLICATE_METHOD_MATCH = YES;
				COPY_PHASE_STRIP = NO;
				DEBUG_INFORMATION_FORMAT = dwarf;
				ENABLE_STRICT_OBJC_MSGSEND = YES;
				ENABLE_TESTABILITY = YES;
				GCC_C_LANGUAGE_STANDARD = gnu11;
				GCC_DYNAMIC_NO_PIC = NO;
				GCC_NO_COMMON_BLOCKS = YES;
				GCC_OPTIMIZATION_LEVEL = 0;
				GCC_PREPROCESSOR_DEFINITIONS = (
					"DEBUG=1",
					"$(inherited)",
				);
				GCC_WARN_64_TO_32_BIT_CONVERSION = YES;
				GCC_WARN_ABOUT_RETURN_TYPE = YES_ERROR;
				GCC_WARN_UNDECLARED_SELECTOR = YES;
				GCC_WARN_UNINITIALIZED_AUTOS = YES_AGGRESSIVE;
				GCC_WARN_UNUSED_FUNCTION = YES;
				GCC_WARN_UNUSED_VARIABLE = YES;
				IPHONEOS_DEPLOYMENT_TARGET = 13.4;
				MTL_ENABLE_DEBUG_INFO = INCLUDE_SOURCE;
				MTL_FAST_MATH = YES;
				ONLY_ACTIVE_ARCH = YES;
				SDKROOT = iphoneos;
				SWIFT_ACTIVE_COMPILATION_CONDITIONS = DEBUG;
				SWIFT_OPTIMIZATION_LEVEL = "-Onone";
			};
			name = Debug;
		};
		6E22A9512465E17700198753 /* Release */ = {
			isa = XCBuildConfiguration;
			buildSettings = {
				ALWAYS_SEARCH_USER_PATHS = NO;
				CLANG_ANALYZER_NONNULL = YES;
				CLANG_ANALYZER_NUMBER_OBJECT_CONVERSION = YES_AGGRESSIVE;
				CLANG_CXX_LANGUAGE_STANDARD = "gnu++14";
				CLANG_CXX_LIBRARY = "libc++";
				CLANG_ENABLE_MODULES = YES;
				CLANG_ENABLE_OBJC_ARC = YES;
				CLANG_ENABLE_OBJC_WEAK = YES;
				CLANG_WARN_BLOCK_CAPTURE_AUTORELEASING = YES;
				CLANG_WARN_BOOL_CONVERSION = YES;
				CLANG_WARN_COMMA = YES;
				CLANG_WARN_CONSTANT_CONVERSION = YES;
				CLANG_WARN_DEPRECATED_OBJC_IMPLEMENTATIONS = YES;
				CLANG_WARN_DIRECT_OBJC_ISA_USAGE = YES_ERROR;
				CLANG_WARN_DOCUMENTATION_COMMENTS = YES;
				CLANG_WARN_EMPTY_BODY = YES;
				CLANG_WARN_ENUM_CONVERSION = YES;
				CLANG_WARN_INFINITE_RECURSION = YES;
				CLANG_WARN_INT_CONVERSION = YES;
				CLANG_WARN_NON_LITERAL_NULL_CONVERSION = YES;
				CLANG_WARN_OBJC_IMPLICIT_RETAIN_SELF = YES;
				CLANG_WARN_OBJC_LITERAL_CONVERSION = YES;
				CLANG_WARN_OBJC_ROOT_CLASS = YES_ERROR;
				CLANG_WARN_RANGE_LOOP_ANALYSIS = YES;
				CLANG_WARN_STRICT_PROTOTYPES = YES;
				CLANG_WARN_SUSPICIOUS_MOVE = YES;
				CLANG_WARN_UNGUARDED_AVAILABILITY = YES_AGGRESSIVE;
				CLANG_WARN_UNREACHABLE_CODE = YES;
				CLANG_WARN__DUPLICATE_METHOD_MATCH = YES;
				COPY_PHASE_STRIP = NO;
				DEBUG_INFORMATION_FORMAT = "dwarf-with-dsym";
				ENABLE_NS_ASSERTIONS = NO;
				ENABLE_STRICT_OBJC_MSGSEND = YES;
				GCC_C_LANGUAGE_STANDARD = gnu11;
				GCC_NO_COMMON_BLOCKS = YES;
				GCC_WARN_64_TO_32_BIT_CONVERSION = YES;
				GCC_WARN_ABOUT_RETURN_TYPE = YES_ERROR;
				GCC_WARN_UNDECLARED_SELECTOR = YES;
				GCC_WARN_UNINITIALIZED_AUTOS = YES_AGGRESSIVE;
				GCC_WARN_UNUSED_FUNCTION = YES;
				GCC_WARN_UNUSED_VARIABLE = YES;
				IPHONEOS_DEPLOYMENT_TARGET = 13.4;
				MTL_ENABLE_DEBUG_INFO = NO;
				MTL_FAST_MATH = YES;
				SDKROOT = iphoneos;
				SWIFT_COMPILATION_MODE = wholemodule;
				SWIFT_OPTIMIZATION_LEVEL = "-O";
				VALIDATE_PRODUCT = YES;
			};
			name = Release;
		};
		6E22A9532465E17700198753 /* Debug */ = {
			isa = XCBuildConfiguration;
			buildSettings = {
				ASSETCATALOG_COMPILER_APPICON_NAME = AppIcon;
				CODE_SIGN_STYLE = Automatic;
				DEVELOPMENT_TEAM = 85498CYVDD;
				INFOPLIST_FILE = "Prime Factors/Info.plist";
				LD_RUNPATH_SEARCH_PATHS = (
					"$(inherited)",
					"@executable_path/Frameworks",
				);
				PRODUCT_BUNDLE_IDENTIFIER = "com.cyrusvandrevala.Prime-Factors";
				PRODUCT_NAME = "$(TARGET_NAME)";
				SWIFT_VERSION = 5.0;
				TARGETED_DEVICE_FAMILY = "1,2";
			};
			name = Debug;
		};
		6E22A9542465E17700198753 /* Release */ = {
			isa = XCBuildConfiguration;
			buildSettings = {
				ASSETCATALOG_COMPILER_APPICON_NAME = AppIcon;
				CODE_SIGN_STYLE = Automatic;
				DEVELOPMENT_TEAM = 85498CYVDD;
				INFOPLIST_FILE = "Prime Factors/Info.plist";
				LD_RUNPATH_SEARCH_PATHS = (
					"$(inherited)",
					"@executable_path/Frameworks",
				);
				PRODUCT_BUNDLE_IDENTIFIER = "com.cyrusvandrevala.Prime-Factors";
				PRODUCT_NAME = "$(TARGET_NAME)";
				SWIFT_VERSION = 5.0;
				TARGETED_DEVICE_FAMILY = "1,2";
			};
			name = Release;
		};
		6E22A9562465E17700198753 /* Debug */ = {
			isa = XCBuildConfiguration;
			buildSettings = {
				ALWAYS_EMBED_SWIFT_STANDARD_LIBRARIES = YES;
				BUNDLE_LOADER = "$(TEST_HOST)";
				CODE_SIGN_STYLE = Automatic;
				DEVELOPMENT_TEAM = 85498CYVDD;
				INFOPLIST_FILE = "Prime FactorsTests/Info.plist";
				IPHONEOS_DEPLOYMENT_TARGET = 13.4;
				LD_RUNPATH_SEARCH_PATHS = (
					"$(inherited)",
					"@executable_path/Frameworks",
					"@loader_path/Frameworks",
				);
				PRODUCT_BUNDLE_IDENTIFIER = "com.cyrusvandrevala.Prime-FactorsTests";
				PRODUCT_NAME = "$(TARGET_NAME)";
				SWIFT_VERSION = 5.0;
				TARGETED_DEVICE_FAMILY = "1,2";
				TEST_HOST = "$(BUILT_PRODUCTS_DIR)/Prime Factors.app/Prime Factors";
			};
			name = Debug;
		};
		6E22A9572465E17700198753 /* Release */ = {
			isa = XCBuildConfiguration;
			buildSettings = {
				ALWAYS_EMBED_SWIFT_STANDARD_LIBRARIES = YES;
				BUNDLE_LOADER = "$(TEST_HOST)";
				CODE_SIGN_STYLE = Automatic;
				DEVELOPMENT_TEAM = 85498CYVDD;
				INFOPLIST_FILE = "Prime FactorsTests/Info.plist";
				IPHONEOS_DEPLOYMENT_TARGET = 13.4;
				LD_RUNPATH_SEARCH_PATHS = (
					"$(inherited)",
					"@executable_path/Frameworks",
					"@loader_path/Frameworks",
				);
				PRODUCT_BUNDLE_IDENTIFIER = "com.cyrusvandrevala.Prime-FactorsTests";
				PRODUCT_NAME = "$(TARGET_NAME)";
				SWIFT_VERSION = 5.0;
				TARGETED_DEVICE_FAMILY = "1,2";
				TEST_HOST = "$(BUILT_PRODUCTS_DIR)/Prime Factors.app/Prime Factors";
			};
			name = Release;
		};
/* End XCBuildConfiguration section */

/* Begin XCConfigurationList section */
		6E22A92E2465E17300198753 /* Build configuration list for PBXProject "Prime Factors" */ = {
			isa = XCConfigurationList;
			buildConfigurations = (
				6E22A9502465E17700198753 /* Debug */,
				6E22A9512465E17700198753 /* Release */,
			);
			defaultConfigurationIsVisible = 0;
			defaultConfigurationName = Release;
		};
		6E22A9522465E17700198753 /* Build configuration list for PBXNativeTarget "Prime Factors" */ = {
			isa = XCConfigurationList;
			buildConfigurations = (
				6E22A9532465E17700198753 /* Debug */,
				6E22A9542465E17700198753 /* Release */,
			);
			defaultConfigurationIsVisible = 0;
			defaultConfigurationName = Release;
		};
		6E22A9552465E17700198753 /* Build configuration list for PBXNativeTarget "Prime FactorsTests" */ = {
			isa = XCConfigurationList;
			buildConfigurations = (
				6E22A9562465E17700198753 /* Debug */,
				6E22A9572465E17700198753 /* Release */,
			);
			defaultConfigurationIsVisible = 0;
			defaultConfigurationName = Release;
		};
/* End XCConfigurationList section */
	};
	rootObject = 6E22A92B2465E17300198753 /* Project object */;
}
